{
    "name": "com.robhaenen.floow2",
    "version": "1.0.0",
    "lockfileVersion": 1,
    "dependencies": {
        "cordova-plugin-facebook": {
            "version": "0.2.2",
            "resolved": "https://registry.npmjs.org/cordova-plugin-facebook/-/cordova-plugin-facebook-0.2.2.tgz",
            "integrity": "sha1-qbtX2MO4pAF6aiiLgjsC348T9BQ="
        }
    }
}
