{
    "name": "com.robhaenen.floow2",
    "version": "1.0.0",
    "lockfileVersion": 1,
    "dependencies": {
        "phonegap-facebook-plugin": {
            "version": "0.12.0",
            "resolved": "https://registry.npmjs.org/phonegap-facebook-plugin/-/phonegap-facebook-plugin-0.12.0.tgz",
            "integrity": "sha1-RLUOXn/UhvGZz9IzUEIeIbWPkSU="
        }
    }
}
